
Microsoft Visual Studio Solution File, Format Version 10.00
# Visual Studio 2008
Project("{FAE04EC0-301F-11D3-BF4B-00C04F79EFBC}") = "TestMongo", "TestMongo\TestMongo.csproj", "{6CCB42E3-27EE-4725-A42A-4CBED1F9AFE6}"
EndProject
Project("{FAE04EC0-301F-11D3-BF4B-00C04F79EFBC}") = "MongoDB.Driver", "..\..\Progetti\C_Sharp\MongoDBClient\MongoDBDriver\MongoDB.Driver.csproj", "{B125BBA6-BFFD-44FA-9254-9B1754CD8AF3}"
EndProject
Global
	GlobalSection(SolutionConfigurationPlatforms) = preSolution
		Debug|Any CPU = Debug|Any CPU
		Release|Any CPU = Release|Any CPU
	EndGlobalSection
	GlobalSection(ProjectConfigurationPlatforms) = postSolution
		{6CCB42E3-27EE-4725-A42A-4CBED1F9AFE6}.Debug|Any CPU.ActiveCfg = Debug|Any CPU
		{6CCB42E3-27EE-4725-A42A-4CBED1F9AFE6}.Debug|Any CPU.Build.0 = Debug|Any CPU
		{6CCB42E3-27EE-4725-A42A-4CBED1F9AFE6}.Release|Any CPU.ActiveCfg = Release|Any CPU
		{6CCB42E3-27EE-4725-A42A-4CBED1F9AFE6}.Release|Any CPU.Build.0 = Release|Any CPU
		{B125BBA6-BFFD-44FA-9254-9B1754CD8AF3}.Debug|Any CPU.ActiveCfg = Debug|Any CPU
		{B125BBA6-BFFD-44FA-9254-9B1754CD8AF3}.Debug|Any CPU.Build.0 = Debug|Any CPU
		{B125BBA6-BFFD-44FA-9254-9B1754CD8AF3}.Release|Any CPU.ActiveCfg = Release|Any CPU
		{B125BBA6-BFFD-44FA-9254-9B1754CD8AF3}.Release|Any CPU.Build.0 = Release|Any CPU
	EndGlobalSection
	GlobalSection(SolutionProperties) = preSolution
		HideSolutionNode = FALSE
	EndGlobalSection
EndGlobal
